
Microsoft Visual Studio Solution File, Format Version 12.00
# Visual Studio 15
Project("{FAE04EC0-301F-11D3-BF4B-00C04F79EFBC}") = "Assembly-CSharp", "Assembly-CSharp.csproj", "{5DC3F701-77FD-9703-F0E8-F86E09464028}"
EndProject
Project("{FAE04EC0-301F-11D3-BF4B-00C04F79EFBC}") = "Assembly-CSharp-Editor", "Assembly-CSharp-Editor.csproj", "{57211BF7-70ED-FA24-F09B-3AE1F7457A43}"
EndProject
Global
	GlobalSection(SolutionConfigurationPlatforms) = preSolution
		Debug|Any CPU = Debug|Any CPU
		Release|Any CPU = Release|Any CPU
	EndGlobalSection
	GlobalSection(ProjectConfigurationPlatforms) = postSolution
		{5DC3F701-77FD-9703-F0E8-F86E09464028}.Debug|Any CPU.ActiveCfg = Debug|Any CPU
		{5DC3F701-77FD-9703-F0E8-F86E09464028}.Debug|Any CPU.Build.0 = Debug|Any CPU
		{5DC3F701-77FD-9703-F0E8-F86E09464028}.Release|Any CPU.ActiveCfg = Release|Any CPU
		{5DC3F701-77FD-9703-F0E8-F86E09464028}.Release|Any CPU.Build.0 = Release|Any CPU
		{57211BF7-70ED-FA24-F09B-3AE1F7457A43}.Debug|Any CPU.ActiveCfg = Debug|Any CPU
		{57211BF7-70ED-FA24-F09B-3AE1F7457A43}.Debug|Any CPU.Build.0 = Debug|Any CPU
		{57211BF7-70ED-FA24-F09B-3AE1F7457A43}.Release|Any CPU.ActiveCfg = Release|Any CPU
		{57211BF7-70ED-FA24-F09B-3AE1F7457A43}.Release|Any CPU.Build.0 = Release|Any CPU
	EndGlobalSection
	GlobalSection(SolutionProperties) = preSolution
		HideSolutionNode = FALSE
	EndGlobalSection
EndGlobal
